
Microsoft Visual Studio Solution File, Format Version 12.00
# Visual Studio Version 16
VisualStudioVersion = 16.0.33027.164
MinimumVisualStudioVersion = 10.0.40219.1
Project("{FAE04EC0-301F-11D3-BF4B-00C04F79EFBC}") = "TicketReservationSystem", "TicketReservationSystem\TicketReservationSystem.csproj", "{31DF51CA-4406-423F-B56D-3F12E81F885D}"
EndProject
Global
	GlobalSection(SolutionConfigurationPlatforms) = preSolution
		Debug|Any CPU = Debug|Any CPU
		Release|Any CPU = Release|Any CPU
	EndGlobalSection
	GlobalSection(ProjectConfigurationPlatforms) = postSolution
		{31DF51CA-4406-423F-B56D-3F12E81F885D}.Debug|Any CPU.ActiveCfg = Debug|Any CPU
		{31DF51CA-4406-423F-B56D-3F12E81F885D}.Debug|Any CPU.Build.0 = Debug|Any CPU
		{31DF51CA-4406-423F-B56D-3F12E81F885D}.Release|Any CPU.ActiveCfg = Release|Any CPU
		{31DF51CA-4406-423F-B56D-3F12E81F885D}.Release|Any CPU.Build.0 = Release|Any CPU
	EndGlobalSection
	GlobalSection(SolutionProperties) = preSolution
		HideSolutionNode = FALSE
	EndGlobalSection
	GlobalSection(ExtensibilityGlobals) = postSolution
		SolutionGuid = {665D9D8F-8954-457A-BFE3-5F42FC7BEA20}
	EndGlobalSection
EndGlobal
